
Microsoft Visual Studio Solution File, Format Version 12.00
# Visual Studio 15
VisualStudioVersion = 15.0.28010.2036
MinimumVisualStudioVersion = 10.0.40219.1
Project("{FAE04EC0-301F-11D3-BF4B-00C04F79EFBC}") = "ORM_P2", "ORM_P2\ORM_P2.csproj", "{BECB753A-F0D7-46EF-AC4D-1F77AD0F69D8}"
EndProject
Global
	GlobalSection(SolutionConfigurationPlatforms) = preSolution
		Debug|Any CPU = Debug|Any CPU
		Release|Any CPU = Release|Any CPU
	EndGlobalSection
	GlobalSection(ProjectConfigurationPlatforms) = postSolution
		{BECB753A-F0D7-46EF-AC4D-1F77AD0F69D8}.Debug|Any CPU.ActiveCfg = Debug|Any CPU
		{BECB753A-F0D7-46EF-AC4D-1F77AD0F69D8}.Debug|Any CPU.Build.0 = Debug|Any CPU
		{BECB753A-F0D7-46EF-AC4D-1F77AD0F69D8}.Release|Any CPU.ActiveCfg = Release|Any CPU
		{BECB753A-F0D7-46EF-AC4D-1F77AD0F69D8}.Release|Any CPU.Build.0 = Release|Any CPU
	EndGlobalSection
	GlobalSection(SolutionProperties) = preSolution
		HideSolutionNode = FALSE
	EndGlobalSection
	GlobalSection(ExtensibilityGlobals) = postSolution
		SolutionGuid = {2E06287A-1BFB-4744-B7C5-AE33ED5095E6}
	EndGlobalSection
EndGlobal
